
Microsoft Visual Studio Solution File, Format Version 12.00
# Visual Studio 15
VisualStudioVersion = 15.0.28307.168
MinimumVisualStudioVersion = 10.0.40219.1
Project("{FAE04EC0-301F-11D3-BF4B-00C04F79EFBC}") = "DapperCRUD", "DapperCRUD\DapperCRUD.csproj", "{83E3ADD8-35AB-495E-991E-9B11D5856313}"
EndProject
Project("{FAE04EC0-301F-11D3-BF4B-00C04F79EFBC}") = "DatabaseMigration", "DatabaseMigration\DatabaseMigration.csproj", "{D61544F9-F68C-4EC6-BE35-12F027FD917B}"
EndProject
Global
	GlobalSection(SolutionConfigurationPlatforms) = preSolution
		Debug|Any CPU = Debug|Any CPU
		Release|Any CPU = Release|Any CPU
	EndGlobalSection
	GlobalSection(ProjectConfigurationPlatforms) = postSolution
		{83E3ADD8-35AB-495E-991E-9B11D5856313}.Debug|Any CPU.ActiveCfg = Debug|Any CPU
		{83E3ADD8-35AB-495E-991E-9B11D5856313}.Debug|Any CPU.Build.0 = Debug|Any CPU
		{83E3ADD8-35AB-495E-991E-9B11D5856313}.Release|Any CPU.ActiveCfg = Release|Any CPU
		{83E3ADD8-35AB-495E-991E-9B11D5856313}.Release|Any CPU.Build.0 = Release|Any CPU
		{D61544F9-F68C-4EC6-BE35-12F027FD917B}.Debug|Any CPU.ActiveCfg = Debug|Any CPU
		{D61544F9-F68C-4EC6-BE35-12F027FD917B}.Debug|Any CPU.Build.0 = Debug|Any CPU
		{D61544F9-F68C-4EC6-BE35-12F027FD917B}.Release|Any CPU.ActiveCfg = Release|Any CPU
		{D61544F9-F68C-4EC6-BE35-12F027FD917B}.Release|Any CPU.Build.0 = Release|Any CPU
	EndGlobalSection
	GlobalSection(SolutionProperties) = preSolution
		HideSolutionNode = FALSE
	EndGlobalSection
	GlobalSection(ExtensibilityGlobals) = postSolution
		SolutionGuid = {67717111-4760-417D-A211-E4E60A63C8F5}
	EndGlobalSection
EndGlobal
